
Microsoft Visual Studio Solution File, Format Version 12.00
# Visual Studio Version 17
VisualStudioVersion = 17.7.34018.315
MinimumVisualStudioVersion = 10.0.40219.1
Project("{9A19103F-16F7-4668-BE54-9A1E7A4F7556}") = "WebApplicationAngular", "WebApplicationAngular.csproj", "{5C410E20-3A62-433C-9A3F-9F73D3418EDD}"
EndProject
Project("{FAE04EC0-301F-11D3-BF4B-00C04F79EFBC}") = "XunitTestWebApplicationAngular", "..\XunitTestWebApplicationAngular\XunitTestWebApplicationAngular.csproj", "{6F6A3067-3604-4E51-814B-2910F2696391}"
EndProject
Global
	GlobalSection(SolutionConfigurationPlatforms) = preSolution
		Debug|Any CPU = Debug|Any CPU
		Release|Any CPU = Release|Any CPU
	EndGlobalSection
	GlobalSection(ProjectConfigurationPlatforms) = postSolution
		{5C410E20-3A62-433C-9A3F-9F73D3418EDD}.Debug|Any CPU.ActiveCfg = Debug|Any CPU
		{5C410E20-3A62-433C-9A3F-9F73D3418EDD}.Debug|Any CPU.Build.0 = Debug|Any CPU
		{5C410E20-3A62-433C-9A3F-9F73D3418EDD}.Release|Any CPU.ActiveCfg = Release|Any CPU
		{5C410E20-3A62-433C-9A3F-9F73D3418EDD}.Release|Any CPU.Build.0 = Release|Any CPU
		{6F6A3067-3604-4E51-814B-2910F2696391}.Debug|Any CPU.ActiveCfg = Debug|Any CPU
		{6F6A3067-3604-4E51-814B-2910F2696391}.Debug|Any CPU.Build.0 = Debug|Any CPU
		{6F6A3067-3604-4E51-814B-2910F2696391}.Release|Any CPU.ActiveCfg = Release|Any CPU
		{6F6A3067-3604-4E51-814B-2910F2696391}.Release|Any CPU.Build.0 = Release|Any CPU
	EndGlobalSection
	GlobalSection(SolutionProperties) = preSolution
		HideSolutionNode = FALSE
	EndGlobalSection
	GlobalSection(ExtensibilityGlobals) = postSolution
		SolutionGuid = {A33702A1-847A-43E4-87A1-5F7C47A07F35}
	EndGlobalSection
EndGlobal
